
Microsoft Visual Studio Solution File, Format Version 12.00
# Visual Studio Version 16
VisualStudioVersion = 16.0.31205.134
MinimumVisualStudioVersion = 10.0.40219.1
Project("{FAE04EC0-301F-11D3-BF4B-00C04F79EFBC}") = "lab4", "lab4.csproj", "{C42D223E-688A-4280-8DC3-CA43D6494F64}"
EndProject
Global
	GlobalSection(SolutionConfigurationPlatforms) = preSolution
		Debug|Any CPU = Debug|Any CPU
		Release|Any CPU = Release|Any CPU
	EndGlobalSection
	GlobalSection(ProjectConfigurationPlatforms) = postSolution
		{C42D223E-688A-4280-8DC3-CA43D6494F64}.Debug|Any CPU.ActiveCfg = Debug|Any CPU
		{C42D223E-688A-4280-8DC3-CA43D6494F64}.Debug|Any CPU.Build.0 = Debug|Any CPU
		{C42D223E-688A-4280-8DC3-CA43D6494F64}.Release|Any CPU.ActiveCfg = Release|Any CPU
		{C42D223E-688A-4280-8DC3-CA43D6494F64}.Release|Any CPU.Build.0 = Release|Any CPU
	EndGlobalSection
	GlobalSection(SolutionProperties) = preSolution
		HideSolutionNode = FALSE
	EndGlobalSection
	GlobalSection(ExtensibilityGlobals) = postSolution
		SolutionGuid = {CB350EFC-F924-479D-B898-1390C74B8BFA}
	EndGlobalSection
EndGlobal
